// !$*UTF8*$!
{
	archiveVersion = 1;
	classes = {
	};
	objectVersion = 56;
	objects = {

/* Begin PBXBuildFile section */
		145D40CF2C1337BE00AE733B /* AirBnBApp.swift in Sources */ = {isa = PBXBuildFile; fileRef = 145D40CE2C1337BE00AE733B /* AirBnBApp.swift */; };
		145D40D12C1337BE00AE733B /* ContentView.swift in Sources */ = {isa = PBXBuildFile; fileRef = 145D40D02C1337BE00AE733B /* ContentView.swift */; };
		145D40D32C1337C100AE733B /* Assets.xcassets in Resources */ = {isa = PBXBuildFile; fileRef = 145D40D22C1337C100AE733B /* Assets.xcassets */; };
		145D40D62C1337C100AE733B /* Preview Assets.xcassets in Resources */ = {isa = PBXBuildFile; fileRef = 145D40D52C1337C100AE733B /* Preview Assets.xcassets */; };
		145D40E92C1338D500AE733B /* ExploreView.swift in Sources */ = {isa = PBXBuildFile; fileRef = 145D40E82C1338D500AE733B /* ExploreView.swift */; };
		145D40EB2C133A5A00AE733B /* ListingView.swift in Sources */ = {isa = PBXBuildFile; fileRef = 145D40EA2C133A5A00AE733B /* ListingView.swift */; };
		145D40ED2C133EE400AE733B /* SearchAndFilterBar.swift in Sources */ = {isa = PBXBuildFile; fileRef = 145D40EC2C133EE400AE733B /* SearchAndFilterBar.swift */; };
		145D40EF2C13471400AE733B /* ListingDetailView.swift in Sources */ = {isa = PBXBuildFile; fileRef = 145D40EE2C13471400AE733B /* ListingDetailView.swift */; };
		145D40F22C1347B900AE733B /* ListingImageCarouselView.swift in Sources */ = {isa = PBXBuildFile; fileRef = 145D40F12C1347B900AE733B /* ListingImageCarouselView.swift */; };
		145D40F42C13F58900AE733B /* DestinationSearchView.swift in Sources */ = {isa = PBXBuildFile; fileRef = 145D40F32C13F58900AE733B /* DestinationSearchView.swift */; };
		145D40F72C16519200AE733B /* ProfileView.swift in Sources */ = {isa = PBXBuildFile; fileRef = 145D40F62C16519200AE733B /* ProfileView.swift */; };
		145D40F92C16538E00AE733B /* ProfileOptionRowView.swift in Sources */ = {isa = PBXBuildFile; fileRef = 145D40F82C16538E00AE733B /* ProfileOptionRowView.swift */; };
		145D40FB2C1654F000AE733B /* WishlistsView.swift in Sources */ = {isa = PBXBuildFile; fileRef = 145D40FA2C1654F000AE733B /* WishlistsView.swift */; };
		145D40FD2C1656CA00AE733B /* MainTabView.swift in Sources */ = {isa = PBXBuildFile; fileRef = 145D40FC2C1656CA00AE733B /* MainTabView.swift */; };
		145D41012C16905100AE733B /* Listing.swift in Sources */ = {isa = PBXBuildFile; fileRef = 145D41002C16905100AE733B /* Listing.swift */; };
/* End PBXBuildFile section */

/* Begin PBXFileReference section */
		145D40CB2C1337BE00AE733B /* AirBnB.app */ = {isa = PBXFileReference; explicitFileType = wrapper.application; includeInIndex = 0; path = AirBnB.app; sourceTree = BUILT_PRODUCTS_DIR; };
		145D40CE2C1337BE00AE733B /* AirBnBApp.swift */ = {isa = PBXFileReference; lastKnownFileType = sourcecode.swift; path = AirBnBApp.swift; sourceTree = "<group>"; };
		145D40D02C1337BE00AE733B /* ContentView.swift */ = {isa = PBXFileReference; lastKnownFileType = sourcecode.swift; path = ContentView.swift; sourceTree = "<group>"; };
		145D40D22C1337C100AE733B /* Assets.xcassets */ = {isa = PBXFileReference; lastKnownFileType = folder.assetcatalog; path = Assets.xcassets; sourceTree = "<group>"; };
		145D40D52C1337C100AE733B /* Preview Assets.xcassets */ = {isa = PBXFileReference; lastKnownFileType = folder.assetcatalog; path = "Preview Assets.xcassets"; sourceTree = "<group>"; };
		145D40E82C1338D500AE733B /* ExploreView.swift */ = {isa = PBXFileReference; lastKnownFileType = sourcecode.swift; path = ExploreView.swift; sourceTree = "<group>"; };
		145D40EA2C133A5A00AE733B /* ListingView.swift */ = {isa = PBXFileReference; lastKnownFileType = sourcecode.swift; path = ListingView.swift; sourceTree = "<group>"; };
		145D40EC2C133EE400AE733B /* SearchAndFilterBar.swift */ = {isa = PBXFileReference; lastKnownFileType = sourcecode.swift; path = SearchAndFilterBar.swift; sourceTree = "<group>"; };
		145D40EE2C13471400AE733B /* ListingDetailView.swift */ = {isa = PBXFileReference; lastKnownFileType = sourcecode.swift; path = ListingDetailView.swift; sourceTree = "<group>"; };
		145D40F12C1347B900AE733B /* ListingImageCarouselView.swift */ = {isa = PBXFileReference; lastKnownFileType = sourcecode.swift; path = ListingImageCarouselView.swift; sourceTree = "<group>"; };
		145D40F32C13F58900AE733B /* DestinationSearchView.swift */ = {isa = PBXFileReference; lastKnownFileType = sourcecode.swift; path = DestinationSearchView.swift; sourceTree = "<group>"; };
		145D40F62C16519200AE733B /* ProfileView.swift */ = {isa = PBXFileReference; lastKnownFileType = sourcecode.swift; path = ProfileView.swift; sourceTree = "<group>"; };
		145D40F82C16538E00AE733B /* ProfileOptionRowView.swift */ = {isa = PBXFileReference; lastKnownFileType = sourcecode.swift; path = ProfileOptionRowView.swift; sourceTree = "<group>"; };
		145D40FA2C1654F000AE733B /* WishlistsView.swift */ = {isa = PBXFileReference; lastKnownFileType = sourcecode.swift; path = WishlistsView.swift; sourceTree = "<group>"; };
		145D40FC2C1656CA00AE733B /* MainTabView.swift */ = {isa = PBXFileReference; lastKnownFileType = sourcecode.swift; path = MainTabView.swift; sourceTree = "<group>"; };
		145D41002C16905100AE733B /* Listing.swift */ = {isa = PBXFileReference; lastKnownFileType = sourcecode.swift; path = Listing.swift; sourceTree = "<group>"; };
/* End PBXFileReference section */

/* Begin PBXFrameworksBuildPhase section */
		145D40C82C1337BE00AE733B /* Frameworks */ = {
			isa = PBXFrameworksBuildPhase;
			buildActionMask = 2147483647;
			files = (
			);
			runOnlyForDeploymentPostprocessing = 0;
		};
/* End PBXFrameworksBuildPhase section */

/* Begin PBXGroup section */
		145D40C22C1337BE00AE733B = {
			isa = PBXGroup;
			children = (
				145D40CD2C1337BE00AE733B /* AirBnB */,
				145D40CC2C1337BE00AE733B /* Products */,
			);
			sourceTree = "<group>";
		};
		145D40CC2C1337BE00AE733B /* Products */ = {
			isa = PBXGroup;
			children = (
				145D40CB2C1337BE00AE733B /* AirBnB.app */,
			);
			name = Products;
			sourceTree = "<group>";
		};
		145D40CD2C1337BE00AE733B /* AirBnB */ = {
			isa = PBXGroup;
			children = (
				145D40DE2C1337E800AE733B /* App */,
				145D40DD2C1337DF00AE733B /* Core */,
				145D40DF2C1337F100AE733B /* Extensions */,
				145D40DC2C1337D100AE733B /* Models */,
				145D40E02C13380300AE733B /* Utils */,
				145D40CE2C1337BE00AE733B /* AirBnBApp.swift */,
				145D40D02C1337BE00AE733B /* ContentView.swift */,
				145D40D22C1337C100AE733B /* Assets.xcassets */,
				145D40D42C1337C100AE733B /* Preview Content */,
			);
			path = AirBnB;
			sourceTree = "<group>";
		};
		145D40D42C1337C100AE733B /* Preview Content */ = {
			isa = PBXGroup;
			children = (
				145D40D52C1337C100AE733B /* Preview Assets.xcassets */,
			);
			path = "Preview Content";
			sourceTree = "<group>";
		};
		145D40DC2C1337D100AE733B /* Models */ = {
			isa = PBXGroup;
			children = (
			);
			path = Models;
			sourceTree = "<group>";
		};
		145D40DD2C1337DF00AE733B /* Core */ = {
			isa = PBXGroup;
			children = (
				145D40F02C13478D00AE733B /* Components */,
				145D40E32C13386F00AE733B /* Explore */,
				145D40E22C13385A00AE733B /* Listings */,
				145D40E12C13384C00AE733B /* MapView */,
				145D40E72C13388C00AE733B /* Wishlists */,
				145D40E62C13388500AE733B /* TabBar */,
				145D40E52C13388100AE733B /* Root */,
				145D40E42C13387900AE733B /* Profile */,
			);
			path = Core;
			sourceTree = "<group>";
		};
		145D40DE2C1337E800AE733B /* App */ = {
			isa = PBXGroup;
			children = (
			);
			path = App;
			sourceTree = "<group>";
		};
		145D40DF2C1337F100AE733B /* Extensions */ = {
			isa = PBXGroup;
			children = (
			);
			path = Extensions;
			sourceTree = "<group>";
		};
		145D40E02C13380300AE733B /* Utils */ = {
			isa = PBXGroup;
			children = (
			);
			path = Utils;
			sourceTree = "<group>";
		};
		145D40E12C13384C00AE733B /* MapView */ = {
			isa = PBXGroup;
			children = (
			);
			path = MapView;
			sourceTree = "<group>";
		};
		145D40E22C13385A00AE733B /* Listings */ = {
			isa = PBXGroup;
			children = (
				145D40FF2C16902200AE733B /* Views */,
				145D40FE2C16901B00AE733B /* Model */,
			);
			path = Listings;
			sourceTree = "<group>";
		};
		145D40E32C13386F00AE733B /* Explore */ = {
			isa = PBXGroup;
			children = (
				145D40E82C1338D500AE733B /* ExploreView.swift */,
				145D40EC2C133EE400AE733B /* SearchAndFilterBar.swift */,
				145D40F32C13F58900AE733B /* DestinationSearchView.swift */,
			);
			path = Explore;
			sourceTree = "<group>";
		};
		145D40E42C13387900AE733B /* Profile */ = {
			isa = PBXGroup;
			children = (
				145D40F62C16519200AE733B /* ProfileView.swift */,
				145D40F82C16538E00AE733B /* ProfileOptionRowView.swift */,
			);
			path = Profile;
			sourceTree = "<group>";
		};
		145D40E52C13388100AE733B /* Root */ = {
			isa = PBXGroup;
			children = (
			);
			path = Root;
			sourceTree = "<group>";
		};
		145D40E62C13388500AE733B /* TabBar */ = {
			isa = PBXGroup;
			children = (
				145D40FC2C1656CA00AE733B /* MainTabView.swift */,
			);
			path = TabBar;
			sourceTree = "<group>";
		};
		145D40E72C13388C00AE733B /* Wishlists */ = {
			isa = PBXGroup;
			children = (
				145D40FA2C1654F000AE733B /* WishlistsView.swift */,
			);
			path = Wishlists;
			sourceTree = "<group>";
		};
		145D40F02C13478D00AE733B /* Components */ = {
			isa = PBXGroup;
			children = (
				145D40F12C1347B900AE733B /* ListingImageCarouselView.swift */,
			);
			path = Components;
			sourceTree = "<group>";
		};
		145D40FE2C16901B00AE733B /* Model */ = {
			isa = PBXGroup;
			children = (
				145D41002C16905100AE733B /* Listing.swift */,
			);
			path = Model;
			sourceTree = "<group>";
		};
		145D40FF2C16902200AE733B /* Views */ = {
			isa = PBXGroup;
			children = (
				145D40EA2C133A5A00AE733B /* ListingView.swift */,
				145D40EE2C13471400AE733B /* ListingDetailView.swift */,
			);
			path = Views;
			sourceTree = "<group>";
		};
/* End PBXGroup section */

/* Begin PBXNativeTarget section */
		145D40CA2C1337BE00AE733B /* AirBnB */ = {
			isa = PBXNativeTarget;
			buildConfigurationList = 145D40D92C1337C100AE733B /* Build configuration list for PBXNativeTarget "AirBnB" */;
			buildPhases = (
				145D40C72C1337BE00AE733B /* Sources */,
				145D40C82C1337BE00AE733B /* Frameworks */,
				145D40C92C1337BE00AE733B /* Resources */,
			);
			buildRules = (
			);
			dependencies = (
			);
			name = AirBnB;
			productName = AirBnB;
			productReference = 145D40CB2C1337BE00AE733B /* AirBnB.app */;
			productType = "com.apple.product-type.application";
		};
/* End PBXNativeTarget section */

/* Begin PBXProject section */
		145D40C32C1337BE00AE733B /* Project object */ = {
			isa = PBXProject;
			attributes = {
				BuildIndependentTargetsInParallel = 1;
				LastSwiftUpdateCheck = 1530;
				LastUpgradeCheck = 1530;
				TargetAttributes = {
					145D40CA2C1337BE00AE733B = {
						CreatedOnToolsVersion = 15.3;
					};
				};
			};
			buildConfigurationList = 145D40C62C1337BE00AE733B /* Build configuration list for PBXProject "AirBnB" */;
			compatibilityVersion = "Xcode 14.0";
			developmentRegion = en;
			hasScannedForEncodings = 0;
			knownRegions = (
				en,
				Base,
			);
			mainGroup = 145D40C22C1337BE00AE733B;
			productRefGroup = 145D40CC2C1337BE00AE733B /* Products */;
			projectDirPath = "";
			projectRoot = "";
			targets = (
				145D40CA2C1337BE00AE733B /* AirBnB */,
			);
		};
/* End PBXProject section */

/* Begin PBXResourcesBuildPhase section */
		145D40C92C1337BE00AE733B /* Resources */ = {
			isa = PBXResourcesBuildPhase;
			buildActionMask = 2147483647;
			files = (
				145D40D62C1337C100AE733B /* Preview Assets.xcassets in Resources */,
				145D40D32C1337C100AE733B /* Assets.xcassets in Resources */,
			);
			runOnlyForDeploymentPostprocessing = 0;
		};
/* End PBXResourcesBuildPhase section */

/* Begin PBXSourcesBuildPhase section */
		145D40C72C1337BE00AE733B /* Sources */ = {
			isa = PBXSourcesBuildPhase;
			buildActionMask = 2147483647;
			files = (
				145D40F22C1347B900AE733B /* ListingImageCarouselView.swift in Sources */,
				145D40F72C16519200AE733B /* ProfileView.swift in Sources */,
				145D40F92C16538E00AE733B /* ProfileOptionRowView.swift in Sources */,
				145D40F42C13F58900AE733B /* DestinationSearchView.swift in Sources */,
				145D40D12C1337BE00AE733B /* ContentView.swift in Sources */,
				145D40EB2C133A5A00AE733B /* ListingView.swift in Sources */,
				145D40FB2C1654F000AE733B /* WishlistsView.swift in Sources */,
				145D41012C16905100AE733B /* Listing.swift in Sources */,
				145D40E92C1338D500AE733B /* ExploreView.swift in Sources */,
				145D40ED2C133EE400AE733B /* SearchAndFilterBar.swift in Sources */,
				145D40EF2C13471400AE733B /* ListingDetailView.swift in Sources */,
				145D40CF2C1337BE00AE733B /* AirBnBApp.swift in Sources */,
				145D40FD2C1656CA00AE733B /* MainTabView.swift in Sources */,
			);
			runOnlyForDeploymentPostprocessing = 0;
		};
/* End PBXSourcesBuildPhase section */

/* Begin XCBuildConfiguration section */
		145D40D72C1337C100AE733B /* Debug */ = {
			isa = XCBuildConfiguration;
			buildSettings = {
				ALWAYS_SEARCH_USER_PATHS = NO;
				ASSETCATALOG_COMPILER_GENERATE_SWIFT_ASSET_SYMBOL_EXTENSIONS = YES;
				CLANG_ANALYZER_NONNULL = YES;
				CLANG_ANALYZER_NUMBER_OBJECT_CONVERSION = YES_AGGRESSIVE;
				CLANG_CXX_LANGUAGE_STANDARD = "gnu++20";
				CLANG_ENABLE_MODULES = YES;
				CLANG_ENABLE_OBJC_ARC = YES;
				CLANG_ENABLE_OBJC_WEAK = YES;
				CLANG_WARN_BLOCK_CAPTURE_AUTORELEASING = YES;
				CLANG_WARN_BOOL_CONVERSION = YES;
				CLANG_WARN_COMMA = YES;
				CLANG_WARN_CONSTANT_CONVERSION = YES;
				CLANG_WARN_DEPRECATED_OBJC_IMPLEMENTATIONS = YES;
				CLANG_WARN_DIRECT_OBJC_ISA_USAGE = YES_ERROR;
				CLANG_WARN_DOCUMENTATION_COMMENTS = YES;
				CLANG_WARN_EMPTY_BODY = YES;
				CLANG_WARN_ENUM_CONVERSION = YES;
				CLANG_WARN_INFINITE_RECURSION = YES;
				CLANG_WARN_INT_CONVERSION = YES;
				CLANG_WARN_NON_LITERAL_NULL_CONVERSION = YES;
				CLANG_WARN_OBJC_IMPLICIT_RETAIN_SELF = YES;
				CLANG_WARN_OBJC_LITERAL_CONVERSION = YES;
				CLANG_WARN_OBJC_ROOT_CLASS = YES_ERROR;
				CLANG_WARN_QUOTED_INCLUDE_IN_FRAMEWORK_HEADER = YES;
				CLANG_WARN_RANGE_LOOP_ANALYSIS = YES;
				CLANG_WARN_STRICT_PROTOTYPES = YES;
				CLANG_WARN_SUSPICIOUS_MOVE = YES;
				CLANG_WARN_UNGUARDED_AVAILABILITY = YES_AGGRESSIVE;
				CLANG_WARN_UNREACHABLE_CODE = YES;
				CLANG_WARN__DUPLICATE_METHOD_MATCH = YES;
				COPY_PHASE_STRIP = NO;
				DEBUG_INFORMATION_FORMAT = dwarf;
				ENABLE_STRICT_OBJC_MSGSEND = YES;
				ENABLE_TESTABILITY = YES;
				ENABLE_USER_SCRIPT_SANDBOXING = YES;
				GCC_C_LANGUAGE_STANDARD = gnu17;
				GCC_DYNAMIC_NO_PIC = NO;
				GCC_NO_COMMON_BLOCKS = YES;
				GCC_OPTIMIZATION_LEVEL = 0;
				GCC_PREPROCESSOR_DEFINITIONS = (
					"DEBUG=1",
					"$(inherited)",
				);
				GCC_WARN_64_TO_32_BIT_CONVERSION = YES;
				GCC_WARN_ABOUT_RETURN_TYPE = YES_ERROR;
				GCC_WARN_UNDECLARED_SELECTOR = YES;
				GCC_WARN_UNINITIALIZED_AUTOS = YES_AGGRESSIVE;
				GCC_WARN_UNUSED_FUNCTION = YES;
				GCC_WARN_UNUSED_VARIABLE = YES;
				IPHONEOS_DEPLOYMENT_TARGET = 17.4;
				LOCALIZATION_PREFERS_STRING_CATALOGS = YES;
				MTL_ENABLE_DEBUG_INFO = INCLUDE_SOURCE;
				MTL_FAST_MATH = YES;
				ONLY_ACTIVE_ARCH = YES;
				SDKROOT = iphoneos;
				SWIFT_ACTIVE_COMPILATION_CONDITIONS = "DEBUG $(inherited)";
				SWIFT_OPTIMIZATION_LEVEL = "-Onone";
			};
			name = Debug;
		};
		145D40D82C1337C100AE733B /* Release */ = {
			isa = XCBuildConfiguration;
			buildSettings = {
				ALWAYS_SEARCH_USER_PATHS = NO;
				ASSETCATALOG_COMPILER_GENERATE_SWIFT_ASSET_SYMBOL_EXTENSIONS = YES;
				CLANG_ANALYZER_NONNULL = YES;
				CLANG_ANALYZER_NUMBER_OBJECT_CONVERSION = YES_AGGRESSIVE;
				CLANG_CXX_LANGUAGE_STANDARD = "gnu++20";
				CLANG_ENABLE_MODULES = YES;
				CLANG_ENABLE_OBJC_ARC = YES;
				CLANG_ENABLE_OBJC_WEAK = YES;
				CLANG_WARN_BLOCK_CAPTURE_AUTORELEASING = YES;
				CLANG_WARN_BOOL_CONVERSION = YES;
				CLANG_WARN_COMMA = YES;
				CLANG_WARN_CONSTANT_CONVERSION = YES;
				CLANG_WARN_DEPRECATED_OBJC_IMPLEMENTATIONS = YES;
				CLANG_WARN_DIRECT_OBJC_ISA_USAGE = YES_ERROR;
				CLANG_WARN_DOCUMENTATION_COMMENTS = YES;
				CLANG_WARN_EMPTY_BODY = YES;
				CLANG_WARN_ENUM_CONVERSION = YES;
				CLANG_WARN_INFINITE_RECURSION = YES;
				CLANG_WARN_INT_CONVERSION = YES;
				CLANG_WARN_NON_LITERAL_NULL_CONVERSION = YES;
				CLANG_WARN_OBJC_IMPLICIT_RETAIN_SELF = YES;
				CLANG_WARN_OBJC_LITERAL_CONVERSION = YES;
				CLANG_WARN_OBJC_ROOT_CLASS = YES_ERROR;
				CLANG_WARN_QUOTED_INCLUDE_IN_FRAMEWORK_HEADER = YES;
				CLANG_WARN_RANGE_LOOP_ANALYSIS = YES;
				CLANG_WARN_STRICT_PROTOTYPES = YES;
				CLANG_WARN_SUSPICIOUS_MOVE = YES;
				CLANG_WARN_UNGUARDED_AVAILABILITY = YES_AGGRESSIVE;
				CLANG_WARN_UNREACHABLE_CODE = YES;
				CLANG_WARN__DUPLICATE_METHOD_MATCH = YES;
				COPY_PHASE_STRIP = NO;
				DEBUG_INFORMATION_FORMAT = "dwarf-with-dsym";
				ENABLE_NS_ASSERTIONS = NO;
				ENABLE_STRICT_OBJC_MSGSEND = YES;
				ENABLE_USER_SCRIPT_SANDBOXING = YES;
				GCC_C_LANGUAGE_STANDARD = gnu17;
				GCC_NO_COMMON_BLOCKS = YES;
				GCC_WARN_64_TO_32_BIT_CONVERSION = YES;
				GCC_WARN_ABOUT_RETURN_TYPE = YES_ERROR;
				GCC_WARN_UNDECLARED_SELECTOR = YES;
				GCC_WARN_UNINITIALIZED_AUTOS = YES_AGGRESSIVE;
				GCC_WARN_UNUSED_FUNCTION = YES;
				GCC_WARN_UNUSED_VARIABLE = YES;
				IPHONEOS_DEPLOYMENT_TARGET = 17.4;
				LOCALIZATION_PREFERS_STRING_CATALOGS = YES;
				MTL_ENABLE_DEBUG_INFO = NO;
				MTL_FAST_MATH = YES;
				SDKROOT = iphoneos;
				SWIFT_COMPILATION_MODE = wholemodule;
				VALIDATE_PRODUCT = YES;
			};
			name = Release;
		};
		145D40DA2C1337C100AE733B /* Debug */ = {
			isa = XCBuildConfiguration;
			buildSettings = {
				ASSETCATALOG_COMPILER_APPICON_NAME = AppIcon;
				ASSETCATALOG_COMPILER_GLOBAL_ACCENT_COLOR_NAME = AccentColor;
				CODE_SIGN_STYLE = Automatic;
				CURRENT_PROJECT_VERSION = 1;
				DEVELOPMENT_ASSET_PATHS = "\"AirBnB/Preview Content\"";
				DEVELOPMENT_TEAM = AFV9JVD5TA;
				ENABLE_PREVIEWS = YES;
				GENERATE_INFOPLIST_FILE = YES;
				INFOPLIST_KEY_UIApplicationSceneManifest_Generation = YES;
				INFOPLIST_KEY_UIApplicationSupportsIndirectInputEvents = YES;
				INFOPLIST_KEY_UILaunchScreen_Generation = YES;
				INFOPLIST_KEY_UISupportedInterfaceOrientations_iPad = "UIInterfaceOrientationPortrait UIInterfaceOrientationPortraitUpsideDown UIInterfaceOrientationLandscapeLeft UIInterfaceOrientationLandscapeRight";
				INFOPLIST_KEY_UISupportedInterfaceOrientations_iPhone = "UIInterfaceOrientationPortrait UIInterfaceOrientationLandscapeLeft UIInterfaceOrientationLandscapeRight";
				LD_RUNPATH_SEARCH_PATHS = (
					"$(inherited)",
					"@executable_path/Frameworks",
				);
				MARKETING_VERSION = 1.0;
				PRODUCT_BUNDLE_IDENTIFIER = com.softechcom.AirBnB;
				PRODUCT_NAME = "$(TARGET_NAME)";
				SWIFT_EMIT_LOC_STRINGS = YES;
				SWIFT_VERSION = 5.0;
				TARGETED_DEVICE_FAMILY = "1,2";
			};
			name = Debug;
		};
		145D40DB2C1337C100AE733B /* Release */ = {
			isa = XCBuildConfiguration;
			buildSettings = {
				ASSETCATALOG_COMPILER_APPICON_NAME = AppIcon;
				ASSETCATALOG_COMPILER_GLOBAL_ACCENT_COLOR_NAME = AccentColor;
				CODE_SIGN_STYLE = Automatic;
				CURRENT_PROJECT_VERSION = 1;
				DEVELOPMENT_ASSET_PATHS = "\"AirBnB/Preview Content\"";
				DEVELOPMENT_TEAM = AFV9JVD5TA;
				ENABLE_PREVIEWS = YES;
				GENERATE_INFOPLIST_FILE = YES;
				INFOPLIST_KEY_UIApplicationSceneManifest_Generation = YES;
				INFOPLIST_KEY_UIApplicationSupportsIndirectInputEvents = YES;
				INFOPLIST_KEY_UILaunchScreen_Generation = YES;
				INFOPLIST_KEY_UISupportedInterfaceOrientations_iPad = "UIInterfaceOrientationPortrait UIInterfaceOrientationPortraitUpsideDown UIInterfaceOrientationLandscapeLeft UIInterfaceOrientationLandscapeRight";
				INFOPLIST_KEY_UISupportedInterfaceOrientations_iPhone = "UIInterfaceOrientationPortrait UIInterfaceOrientationLandscapeLeft UIInterfaceOrientationLandscapeRight";
				LD_RUNPATH_SEARCH_PATHS = (
					"$(inherited)",
					"@executable_path/Frameworks",
				);
				MARKETING_VERSION = 1.0;
				PRODUCT_BUNDLE_IDENTIFIER = com.softechcom.AirBnB;
				PRODUCT_NAME = "$(TARGET_NAME)";
				SWIFT_EMIT_LOC_STRINGS = YES;
				SWIFT_VERSION = 5.0;
				TARGETED_DEVICE_FAMILY = "1,2";
			};
			name = Release;
		};
/* End XCBuildConfiguration section */

/* Begin XCConfigurationList section */
		145D40C62C1337BE00AE733B /* Build configuration list for PBXProject "AirBnB" */ = {
			isa = XCConfigurationList;
			buildConfigurations = (
				145D40D72C1337C100AE733B /* Debug */,
				145D40D82C1337C100AE733B /* Release */,
			);
			defaultConfigurationIsVisible = 0;
			defaultConfigurationName = Release;
		};
		145D40D92C1337C100AE733B /* Build configuration list for PBXNativeTarget "AirBnB" */ = {
			isa = XCConfigurationList;
			buildConfigurations = (
				145D40DA2C1337C100AE733B /* Debug */,
				145D40DB2C1337C100AE733B /* Release */,
			);
			defaultConfigurationIsVisible = 0;
			defaultConfigurationName = Release;
		};
/* End XCConfigurationList section */
	};
	rootObject = 145D40C32C1337BE00AE733B /* Project object */;
}
